
Microsoft Visual Studio Solution File, Format Version 12.00
# Visual Studio Version 16
VisualStudioVersion = 16.0.30320.27
MinimumVisualStudioVersion = 10.0.40219.1
Project("{9A19103F-16F7-4668-BE54-9A1E7A4F7556}") = "Microsoft.Teams.Apps.DIConnect", "DIConnect\Microsoft.Teams.Apps.DIConnect.csproj", "{6BE1D1A9-2007-4513-B2A3-68E559557265}"
	ProjectSection(ProjectDependencies) = postProject
		{374C102A-AAF0-41E1-B3F8-51AE6D331DE3} = {374C102A-AAF0-41E1-B3F8-51AE6D331DE3}
		{CA646193-3070-4995-AF8D-8EAE2458F415} = {CA646193-3070-4995-AF8D-8EAE2458F415}
		{7E6A6399-AB5A-45B2-A68C-0F48E2542FFE} = {7E6A6399-AB5A-45B2-A68C-0F48E2542FFE}
		{685184EB-D442-4ED9-8D2F-142BD95FEE4B} = {685184EB-D442-4ED9-8D2F-142BD95FEE4B}
	EndProjectSection
EndProject
Project("{9A19103F-16F7-4668-BE54-9A1E7A4F7556}") = "Microsoft.Teams.Apps.DIConnect.Common", "DIConnect.Common\Microsoft.Teams.Apps.DIConnect.Common.csproj", "{374C102A-AAF0-41E1-B3F8-51AE6D331DE3}"
EndProject
Project("{9A19103F-16F7-4668-BE54-9A1E7A4F7556}") = "Microsoft.Teams.Apps.DIConnect.Data.Func", "DIConnect.Data.Func\Microsoft.Teams.Apps.DIConnect.Data.Func.csproj", "{685184EB-D442-4ED9-8D2F-142BD95FEE4B}"
EndProject
Project("{9A19103F-16F7-4668-BE54-9A1E7A4F7556}") = "Microsoft.Teams.Apps.DIConnect.Prep.Func", "DIConnect.Prep.Func\Microsoft.Teams.Apps.DIConnect.Prep.Func.csproj", "{CA646193-3070-4995-AF8D-8EAE2458F415}"
EndProject
Project("{9A19103F-16F7-4668-BE54-9A1E7A4F7556}") = "Microsoft.Teams.Apps.DIConnect.Send.Func", "DIConnect.Send.Func\Microsoft.Teams.Apps.DIConnect.Send.Func.csproj", "{7E6A6399-AB5A-45B2-A68C-0F48E2542FFE}"
EndProject
Project("{9A19103F-16F7-4668-BE54-9A1E7A4F7556}") = "Microsoft.Teams.Apps.DIConnect.Tests", "Test\DIConnect.Tests\Microsoft.Teams.Apps.DIConnect.Tests.csproj", "{1138C79D-F5EB-4A69-8115-EBF6A9BF799D}"
EndProject
Project("{9A19103F-16F7-4668-BE54-9A1E7A4F7556}") = "Microsoft.Teams.Apps.DIConnect.Send.Func.Test", "Test\DIConnect.Send.Func.Test\Microsoft.Teams.Apps.DIConnect.Send.Func.Test.csproj", "{22439AFA-03FC-4B32-B5E9-B7639849B34B}"
EndProject
Project("{9A19103F-16F7-4668-BE54-9A1E7A4F7556}") = "Microsoft.Teams.App.DIConnect.Common.Test", "Test\DIConnect.Common.Test\Microsoft.Teams.App.DIConnect.Common.Test.csproj", "{1F8E84C4-A894-435F-A221-F51117E86FA5}"
EndProject
Project("{9A19103F-16F7-4668-BE54-9A1E7A4F7556}") = "Microsoft.Teams.Apps.DIConnect.Prep.Func.Test", "Test\DIConnect.Prep.Func.Test\Microsoft.Teams.Apps.DIConnect.Prep.Func.Test.csproj", "{6A059CD0-7CD6-475B-BA00-7DFB42AD2D09}"
EndProject
Project("{9A19103F-16F7-4668-BE54-9A1E7A4F7556}") = "Microsoft.Teams.Apps.DIConnect.Test", "Test\DIConnect.Test\Microsoft.Teams.Apps.DIConnect.Test.csproj", "{CD4B80B3-DB04-424A-A311-9DFD190C31E8}"
EndProject
Global
	GlobalSection(SolutionConfigurationPlatforms) = preSolution
		Debug|Any CPU = Debug|Any CPU
		Release|Any CPU = Release|Any CPU
	EndGlobalSection
	GlobalSection(ProjectConfigurationPlatforms) = postSolution
		{6BE1D1A9-2007-4513-B2A3-68E559557265}.Debug|Any CPU.ActiveCfg = Debug|Any CPU
		{6BE1D1A9-2007-4513-B2A3-68E559557265}.Debug|Any CPU.Build.0 = Debug|Any CPU
		{6BE1D1A9-2007-4513-B2A3-68E559557265}.Release|Any CPU.ActiveCfg = Release|Any CPU
		{6BE1D1A9-2007-4513-B2A3-68E559557265}.Release|Any CPU.Build.0 = Release|Any CPU
		{374C102A-AAF0-41E1-B3F8-51AE6D331DE3}.Debug|Any CPU.ActiveCfg = Debug|Any CPU
		{374C102A-AAF0-41E1-B3F8-51AE6D331DE3}.Debug|Any CPU.Build.0 = Debug|Any CPU
		{374C102A-AAF0-41E1-B3F8-51AE6D331DE3}.Release|Any CPU.ActiveCfg = Release|Any CPU
		{374C102A-AAF0-41E1-B3F8-51AE6D331DE3}.Release|Any CPU.Build.0 = Release|Any CPU
		{685184EB-D442-4ED9-8D2F-142BD95FEE4B}.Debug|Any CPU.ActiveCfg = Debug|Any CPU
		{685184EB-D442-4ED9-8D2F-142BD95FEE4B}.Debug|Any CPU.Build.0 = Debug|Any CPU
		{685184EB-D442-4ED9-8D2F-142BD95FEE4B}.Release|Any CPU.ActiveCfg = Release|Any CPU
		{685184EB-D442-4ED9-8D2F-142BD95FEE4B}.Release|Any CPU.Build.0 = Release|Any CPU
		{CA646193-3070-4995-AF8D-8EAE2458F415}.Debug|Any CPU.ActiveCfg = Debug|Any CPU
		{CA646193-3070-4995-AF8D-8EAE2458F415}.Debug|Any CPU.Build.0 = Debug|Any CPU
		{CA646193-3070-4995-AF8D-8EAE2458F415}.Release|Any CPU.ActiveCfg = Release|Any CPU
		{CA646193-3070-4995-AF8D-8EAE2458F415}.Release|Any CPU.Build.0 = Release|Any CPU
		{7E6A6399-AB5A-45B2-A68C-0F48E2542FFE}.Debug|Any CPU.ActiveCfg = Debug|Any CPU
		{7E6A6399-AB5A-45B2-A68C-0F48E2542FFE}.Debug|Any CPU.Build.0 = Debug|Any CPU
		{7E6A6399-AB5A-45B2-A68C-0F48E2542FFE}.Release|Any CPU.ActiveCfg = Release|Any CPU
		{7E6A6399-AB5A-45B2-A68C-0F48E2542FFE}.Release|Any CPU.Build.0 = Release|Any CPU
		{1138C79D-F5EB-4A69-8115-EBF6A9BF799D}.Debug|Any CPU.ActiveCfg = Debug|Any CPU
		{1138C79D-F5EB-4A69-8115-EBF6A9BF799D}.Debug|Any CPU.Build.0 = Debug|Any CPU
		{1138C79D-F5EB-4A69-8115-EBF6A9BF799D}.Release|Any CPU.ActiveCfg = Release|Any CPU
		{1138C79D-F5EB-4A69-8115-EBF6A9BF799D}.Release|Any CPU.Build.0 = Release|Any CPU
		{22439AFA-03FC-4B32-B5E9-B7639849B34B}.Debug|Any CPU.ActiveCfg = Debug|Any CPU
		{22439AFA-03FC-4B32-B5E9-B7639849B34B}.Debug|Any CPU.Build.0 = Debug|Any CPU
		{22439AFA-03FC-4B32-B5E9-B7639849B34B}.Release|Any CPU.ActiveCfg = Release|Any CPU
		{22439AFA-03FC-4B32-B5E9-B7639849B34B}.Release|Any CPU.Build.0 = Release|Any CPU
		{1F8E84C4-A894-435F-A221-F51117E86FA5}.Debug|Any CPU.ActiveCfg = Debug|Any CPU
		{1F8E84C4-A894-435F-A221-F51117E86FA5}.Debug|Any CPU.Build.0 = Debug|Any CPU
		{1F8E84C4-A894-435F-A221-F51117E86FA5}.Release|Any CPU.ActiveCfg = Release|Any CPU
		{1F8E84C4-A894-435F-A221-F51117E86FA5}.Release|Any CPU.Build.0 = Release|Any CPU
		{6A059CD0-7CD6-475B-BA00-7DFB42AD2D09}.Debug|Any CPU.ActiveCfg = Debug|Any CPU
		{6A059CD0-7CD6-475B-BA00-7DFB42AD2D09}.Debug|Any CPU.Build.0 = Debug|Any CPU
		{6A059CD0-7CD6-475B-BA00-7DFB42AD2D09}.Release|Any CPU.ActiveCfg = Release|Any CPU
		{6A059CD0-7CD6-475B-BA00-7DFB42AD2D09}.Release|Any CPU.Build.0 = Release|Any CPU
		{CD4B80B3-DB04-424A-A311-9DFD190C31E8}.Debug|Any CPU.ActiveCfg = Debug|Any CPU
		{CD4B80B3-DB04-424A-A311-9DFD190C31E8}.Debug|Any CPU.Build.0 = Debug|Any CPU
		{CD4B80B3-DB04-424A-A311-9DFD190C31E8}.Release|Any CPU.ActiveCfg = Release|Any CPU
		{CD4B80B3-DB04-424A-A311-9DFD190C31E8}.Release|Any CPU.Build.0 = Release|Any CPU
	EndGlobalSection
	GlobalSection(SolutionProperties) = preSolution
		HideSolutionNode = FALSE
	EndGlobalSection
	GlobalSection(ExtensibilityGlobals) = postSolution
		SolutionGuid = {082E8AB4-A506-4AFC-B113-A87C1C31EA00}
	EndGlobalSection
EndGlobal
